
Microsoft Visual Studio Solution File, Format Version 12.00
# Visual Studio Version 16
VisualStudioVersion = 16.0.30406.217
MinimumVisualStudioVersion = 10.0.40219.1
Project("{8BC9CEB8-8B4A-11D0-8D11-00A0C91BC942}") = "dropswap", "sdl_fun\sdl_fun.vcxproj", "{494E8301-4105-46A6-95AE-01995BE9BA11}"
EndProject
Project("{8BC9CEB8-8B4A-11D0-8D11-00A0C91BC942}") = "imgui", "imgui\example_sdl_opengl3.vcxproj", "{BBAEB705-1669-40F3-8567-04CF6A991F4C}"
EndProject
Project("{8BC9CEB8-8B4A-11D0-8D11-00A0C91BC942}") = "fool_around", "fool_around\fool_around.vcxproj", "{25AF99CC-7ADF-4A84-92D5-6471F5878594}"
EndProject
Project("{8BC9CEB8-8B4A-11D0-8D11-00A0C91BC942}") = "ggpo", "ggpo\ggpo.vcxproj", "{9BC3893A-AA0C-46B8-A55F-814404CFBB67}"
EndProject
Project("{8BC9CEB8-8B4A-11D0-8D11-00A0C91BC942}") = "soloud", "soloud\soloud.vcxproj", "{092A96F6-F56C-4946-9038-6C58899BA9AB}"
EndProject
Project("{8BC9CEB8-8B4A-11D0-8D11-00A0C91BC942}") = "miniupnp", "miniupnp\miniupnp.vcxproj", "{1BD11AC2-4C53-4423-9325-CCB21E2D1972}"
EndProject
Global
	GlobalSection(SolutionConfigurationPlatforms) = preSolution
		Debug|x64 = Debug|x64
		Debug|x86 = Debug|x86
		Release|x64 = Release|x64
		Release|x86 = Release|x86
	EndGlobalSection
	GlobalSection(ProjectConfigurationPlatforms) = postSolution
		{494E8301-4105-46A6-95AE-01995BE9BA11}.Debug|x64.ActiveCfg = Debug|x64
		{494E8301-4105-46A6-95AE-01995BE9BA11}.Debug|x64.Build.0 = Debug|x64
		{494E8301-4105-46A6-95AE-01995BE9BA11}.Debug|x86.ActiveCfg = Debug|Win32
		{494E8301-4105-46A6-95AE-01995BE9BA11}.Debug|x86.Build.0 = Debug|Win32
		{494E8301-4105-46A6-95AE-01995BE9BA11}.Release|x64.ActiveCfg = Release|x64
		{494E8301-4105-46A6-95AE-01995BE9BA11}.Release|x64.Build.0 = Release|x64
		{494E8301-4105-46A6-95AE-01995BE9BA11}.Release|x86.ActiveCfg = Release|Win32
		{494E8301-4105-46A6-95AE-01995BE9BA11}.Release|x86.Build.0 = Release|Win32
		{BBAEB705-1669-40F3-8567-04CF6A991F4C}.Debug|x64.ActiveCfg = Debug|x64
		{BBAEB705-1669-40F3-8567-04CF6A991F4C}.Debug|x64.Build.0 = Debug|x64
		{BBAEB705-1669-40F3-8567-04CF6A991F4C}.Debug|x86.ActiveCfg = Debug|Win32
		{BBAEB705-1669-40F3-8567-04CF6A991F4C}.Debug|x86.Build.0 = Debug|Win32
		{BBAEB705-1669-40F3-8567-04CF6A991F4C}.Release|x64.ActiveCfg = Release|x64
		{BBAEB705-1669-40F3-8567-04CF6A991F4C}.Release|x64.Build.0 = Release|x64
		{BBAEB705-1669-40F3-8567-04CF6A991F4C}.Release|x86.ActiveCfg = Release|Win32
		{BBAEB705-1669-40F3-8567-04CF6A991F4C}.Release|x86.Build.0 = Release|Win32
		{25AF99CC-7ADF-4A84-92D5-6471F5878594}.Debug|x64.ActiveCfg = Debug|x64
		{25AF99CC-7ADF-4A84-92D5-6471F5878594}.Debug|x64.Build.0 = Debug|x64
		{25AF99CC-7ADF-4A84-92D5-6471F5878594}.Debug|x86.ActiveCfg = Debug|Win32
		{25AF99CC-7ADF-4A84-92D5-6471F5878594}.Debug|x86.Build.0 = Debug|Win32
		{25AF99CC-7ADF-4A84-92D5-6471F5878594}.Release|x64.ActiveCfg = Release|x64
		{25AF99CC-7ADF-4A84-92D5-6471F5878594}.Release|x64.Build.0 = Release|x64
		{25AF99CC-7ADF-4A84-92D5-6471F5878594}.Release|x86.ActiveCfg = Release|Win32
		{25AF99CC-7ADF-4A84-92D5-6471F5878594}.Release|x86.Build.0 = Release|Win32
		{9BC3893A-AA0C-46B8-A55F-814404CFBB67}.Debug|x64.ActiveCfg = Debug|x64
		{9BC3893A-AA0C-46B8-A55F-814404CFBB67}.Debug|x64.Build.0 = Debug|x64
		{9BC3893A-AA0C-46B8-A55F-814404CFBB67}.Debug|x86.ActiveCfg = Debug|Win32
		{9BC3893A-AA0C-46B8-A55F-814404CFBB67}.Debug|x86.Build.0 = Debug|Win32
		{9BC3893A-AA0C-46B8-A55F-814404CFBB67}.Release|x64.ActiveCfg = Release|x64
		{9BC3893A-AA0C-46B8-A55F-814404CFBB67}.Release|x64.Build.0 = Release|x64
		{9BC3893A-AA0C-46B8-A55F-814404CFBB67}.Release|x86.ActiveCfg = Release|Win32
		{9BC3893A-AA0C-46B8-A55F-814404CFBB67}.Release|x86.Build.0 = Release|Win32
		{092A96F6-F56C-4946-9038-6C58899BA9AB}.Debug|x64.ActiveCfg = Debug|x64
		{092A96F6-F56C-4946-9038-6C58899BA9AB}.Debug|x64.Build.0 = Debug|x64
		{092A96F6-F56C-4946-9038-6C58899BA9AB}.Debug|x86.ActiveCfg = Debug|Win32
		{092A96F6-F56C-4946-9038-6C58899BA9AB}.Debug|x86.Build.0 = Debug|Win32
		{092A96F6-F56C-4946-9038-6C58899BA9AB}.Release|x64.ActiveCfg = Release|x64
		{092A96F6-F56C-4946-9038-6C58899BA9AB}.Release|x64.Build.0 = Release|x64
		{092A96F6-F56C-4946-9038-6C58899BA9AB}.Release|x86.ActiveCfg = Release|Win32
		{092A96F6-F56C-4946-9038-6C58899BA9AB}.Release|x86.Build.0 = Release|Win32
		{1BD11AC2-4C53-4423-9325-CCB21E2D1972}.Debug|x64.ActiveCfg = Debug|x64
		{1BD11AC2-4C53-4423-9325-CCB21E2D1972}.Debug|x64.Build.0 = Debug|x64
		{1BD11AC2-4C53-4423-9325-CCB21E2D1972}.Debug|x86.ActiveCfg = Debug|Win32
		{1BD11AC2-4C53-4423-9325-CCB21E2D1972}.Debug|x86.Build.0 = Debug|Win32
		{1BD11AC2-4C53-4423-9325-CCB21E2D1972}.Release|x64.ActiveCfg = Release|x64
		{1BD11AC2-4C53-4423-9325-CCB21E2D1972}.Release|x64.Build.0 = Release|x64
		{1BD11AC2-4C53-4423-9325-CCB21E2D1972}.Release|x86.ActiveCfg = Release|Win32
		{1BD11AC2-4C53-4423-9325-CCB21E2D1972}.Release|x86.Build.0 = Release|Win32
	EndGlobalSection
	GlobalSection(SolutionProperties) = preSolution
		HideSolutionNode = FALSE
	EndGlobalSection
	GlobalSection(ExtensibilityGlobals) = postSolution
		SolutionGuid = {ACF5DFD8-7C3B-4313-99FA-701E2358B084}
	EndGlobalSection
EndGlobal
