<?xml version="1.0" encoding="utf-8"?>
<Project ToolsVersion="4.0" xmlns="http://schemas.microsoft.com/developer/msbuild/2003">
  <ItemGroup>
    <ClCompile Include="game.cpp">
      <Filter>Source Files</Filter>
    </ClCompile>
    <ClCompile Include="main.cpp">
      <Filter>Source Files</Filter>
    </ClCompile>
    <ClCompile Include="board.cpp">
      <Filter>Source Files</Filter>
    </ClCompile>
    <ClCompile Include="tile.cpp">
      <Filter>Source Files</Filter>
    </ClCompile>
    <ClCompile Include="cursor.cpp">
      <Filter>Source Files</Filter>
    </ClCompile>
    <ClCompile Include="render.cpp">
      <Filter>Source Files</Filter>
    </ClCompile>
    <ClCompile Include="resources.cpp">
      <Filter>Source Files</Filter>
    </ClCompile>
    <ClCompile Include="mymath.cpp">
      <Filter>Source Files</Filter>
    </ClCompile>
    <ClCompile Include="garbage.cpp">
      <Filter>Source Files</Filter>
    </ClCompile>
    <ClCompile Include="serialize.cpp">
      <Filter>Source Files</Filter>
    </ClCompile>
    <ClCompile Include="inputs.cpp">
      <Filter>Header Files</Filter>
    </ClCompile>
  </ItemGroup>
  <ItemGroup>
    <Filter Include="Header Files">
      <UniqueIdentifier>{4601b394-25a2-4bb6-8b8c-dc721249923a}</UniqueIdentifier>
    </Filter>
    <Filter Include="Source Files">
      <UniqueIdentifier>{f00f36e3-0df2-40a3-bcac-23c70d9de31c}</UniqueIdentifier>
    </Filter>
    <Filter Include="assets">
      <UniqueIdentifier>{14a1b75a-df9d-4b76-8cd3-757013aa8b8b}</UniqueIdentifier>
    </Filter>
    <Filter Include="third">
      <UniqueIdentifier>{f17d0b3f-1531-402c-954f-31c62018493f}</UniqueIdentifier>
    </Filter>
  </ItemGroup>
  <ItemGroup>
    <ClInclude Include="game.h">
      <Filter>Header Files</Filter>
    </ClInclude>
    <ClInclude Include="board.h">
      <Filter>Header Files</Filter>
    </ClInclude>
    <ClInclude Include="tile.h">
      <Filter>Header Files</Filter>
    </ClInclude>
    <ClInclude Include="cursor.h">
      <Filter>Header Files</Filter>
    </ClInclude>
    <ClInclude Include="..\Depends\stb\include\stb_image.h">
      <Filter>third</Filter>
    </ClInclude>
    <ClInclude Include="render.h">
      <Filter>Header Files</Filter>
    </ClInclude>
    <ClInclude Include="resources.h">
      <Filter>Header Files</Filter>
    </ClInclude>
    <ClInclude Include="mymath.h">
      <Filter>Header Files</Filter>
    </ClInclude>
    <ClInclude Include="garbage.h">
      <Filter>Header Files</Filter>
    </ClInclude>
    <ClInclude Include="myvector.h">
      <Filter>Header Files</Filter>
    </ClInclude>
    <ClInclude Include="serialize.h">
      <Filter>Header Files</Filter>
    </ClInclude>
    <ClInclude Include="inputs.h">
      <Filter>Header Files</Filter>
    </ClInclude>
  </ItemGroup>
  <ItemGroup>
    <Image Include="assets\circle.png">
      <Filter>assets</Filter>
    </Image>
    <Image Include="assets\cursor.png">
      <Filter>assets</Filter>
    </Image>
    <Image Include="assets\diamond.png">
      <Filter>assets</Filter>
    </Image>
    <Image Include="assets\dtriangle.png">
      <Filter>assets</Filter>
    </Image>
    <Image Include="assets\heart.png">
      <Filter>assets</Filter>
    </Image>
    <Image Include="assets\star.png">
      <Filter>assets</Filter>
    </Image>
    <Image Include="assets\utriangle.png">
      <Filter>assets</Filter>
    </Image>
  </ItemGroup>
  <ItemGroup>
    <None Include="parse structs.py">
      <Filter>third</Filter>
    </None>
  </ItemGroup>
</Project>